
Microsoft Visual Studio Solution File, Format Version 12.00
# Visual Studio 15
VisualStudioVersion = 15.0.28307.271
MinimumVisualStudioVersion = 10.0.40219.1
Project("{FAE04EC0-301F-11D3-BF4B-00C04F79EFBC}") = "InfoManager", "InfoManager\InfoManager.csproj", "{B2B03D70-A3A0-4033-A72D-DF5F2D384F9B}"
EndProject
Global
	GlobalSection(SolutionConfigurationPlatforms) = preSolution
		Debug|Any CPU = Debug|Any CPU
		Release|Any CPU = Release|Any CPU
	EndGlobalSection
	GlobalSection(ProjectConfigurationPlatforms) = postSolution
		{B2B03D70-A3A0-4033-A72D-DF5F2D384F9B}.Debug|Any CPU.ActiveCfg = Debug|Any CPU
		{B2B03D70-A3A0-4033-A72D-DF5F2D384F9B}.Debug|Any CPU.Build.0 = Debug|Any CPU
		{B2B03D70-A3A0-4033-A72D-DF5F2D384F9B}.Release|Any CPU.ActiveCfg = Release|Any CPU
		{B2B03D70-A3A0-4033-A72D-DF5F2D384F9B}.Release|Any CPU.Build.0 = Release|Any CPU
	EndGlobalSection
	GlobalSection(SolutionProperties) = preSolution
		HideSolutionNode = FALSE
	EndGlobalSection
	GlobalSection(ExtensibilityGlobals) = postSolution
		SolutionGuid = {9FF340DE-FAA5-4AB2-8517-ABE268256590}
	EndGlobalSection
EndGlobal
